<?xml version="1.0" encoding="utf-8"?>
<Project ToolsVersion="4.0" xmlns="http://schemas.microsoft.com/developer/msbuild/2003">
  <ItemGroup>
    <Filter Include="Source Files">
      <UniqueIdentifier>{4FC737F1-C7A5-4376-A066-2A32D752A2FF}</UniqueIdentifier>
      <Extensions>cpp;c;cc;cxx;def;odl;idl;hpj;bat;asm;asmx</Extensions>
    </Filter>
    <Filter Include="Header Files">
      <UniqueIdentifier>{93995380-89BD-4b04-88EB-625FBE52EBFB}</UniqueIdentifier>
      <Extensions>h;hh;hpp;hxx;hm;inl;inc;xsd</Extensions>
    </Filter>
    <Filter Include="Resource Files">
      <UniqueIdentifier>{67DA6AB6-F800-4c08-8B7A-83BB121AAD01}</UniqueIdentifier>
      <Extensions>rc;ico;cur;bmp;dlg;rc2;rct;bin;rgs;gif;jpg;jpeg;jpe;resx;tiff;tif;png;wav;mfcribbon-ms</Extensions>
    </Filter>
  </ItemGroup>
  <ItemGroup>
    <Text Include="ReadMe.txt" />
  </ItemGroup>
  <ItemGroup>
    <ClCompile Include="Graphics\Models\BasicModel.cpp">
      <Filter>Source Files</Filter>
    </ClCompile>
    <ClCompile Include="Graphics\Models\ObjModel.cpp">
      <Filter>Source Files</Filter>
    </ClCompile>
    <ClCompile Include="Graphics\CIndexBuffer.cpp">
      <Filter>Source Files</Filter>
    </ClCompile>
    <ClCompile Include="Graphics\CRenderer.cpp">
      <Filter>Source Files</Filter>
    </ClCompile>
    <ClCompile Include="Graphics\CTexture.cpp">
      <Filter>Source Files</Filter>
    </ClCompile>
    <ClCompile Include="Graphics\CVertexBuffer.cpp">
      <Filter>Source Files</Filter>
    </ClCompile>
    <ClCompile Include="Graphics\FoliageRenderer.cpp">
      <Filter>Source Files</Filter>
    </ClCompile>
    <ClCompile Include="Graphics\font.cpp">
      <Filter>Source Files</Filter>
    </ClCompile>
    <ClCompile Include="Graphics\IModel.cpp">
      <Filter>Source Files</Filter>
    </ClCompile>
    <ClCompile Include="Graphics\ParticleRenderer.cpp">
      <Filter>Source Files</Filter>
    </ClCompile>
    <ClCompile Include="Graphics\Renderable.cpp">
      <Filter>Source Files</Filter>
    </ClCompile>
    <ClCompile Include="Graphics\RenderTexture.cpp">
      <Filter>Source Files</Filter>
    </ClCompile>
    <ClCompile Include="Graphics\Shader.cpp">
      <Filter>Source Files</Filter>
    </ClCompile>
    <ClCompile Include="Defines.cpp">
      <Filter>Source Files</Filter>
    </ClCompile>
    <ClCompile Include="ResourceManager.cpp">
      <Filter>Source Files</Filter>
    </ClCompile>
    <ClCompile Include="Camera.cpp">
      <Filter>Source Files</Filter>
    </ClCompile>
    <ClCompile Include="IMaterial.cpp">
      <Filter>Source Files</Filter>
    </ClCompile>
    <ClCompile Include="Math\AABB.cpp">
      <Filter>Source Files</Filter>
    </ClCompile>
    <ClCompile Include="Math\geom.cpp">
      <Filter>Source Files</Filter>
    </ClCompile>
    <ClCompile Include="Math\Matrix.cpp">
      <Filter>Source Files</Filter>
    </ClCompile>
    <ClCompile Include="Math\Quaternion.cpp">
      <Filter>Source Files</Filter>
    </ClCompile>
    <ClCompile Include="Math\Vector.cpp">
      <Filter>Source Files</Filter>
    </ClCompile>
    <ClCompile Include="Sound\SoundManager.cpp">
      <Filter>Source Files</Filter>
    </ClCompile>
    <ClCompile Include="Sound\SoundObject.cpp">
      <Filter>Source Files</Filter>
    </ClCompile>
    <ClCompile Include="Sound\Wrapper_WAV.cpp">
      <Filter>Source Files</Filter>
    </ClCompile>
    <ClCompile Include="Util\CTimer.cpp">
      <Filter>Source Files</Filter>
    </ClCompile>
    <ClCompile Include="Util\Noise.cpp">
      <Filter>Source Files</Filter>
    </ClCompile>
    <ClCompile Include="Util\Profile.cpp">
      <Filter>Source Files</Filter>
    </ClCompile>
    <ClCompile Include="ModelData.cpp">
      <Filter>Source Files</Filter>
    </ClCompile>
    <ClCompile Include="TerrainPatch.cpp">
      <Filter>Source Files</Filter>
    </ClCompile>
    <ClCompile Include="TerrainSystem.cpp">
      <Filter>Source Files</Filter>
    </ClCompile>
    <ClCompile Include="BlockModel.cpp">
      <Filter>Source Files</Filter>
    </ClCompile>
    <ClCompile Include="DbgNew.cpp">
      <Filter>Source Files</Filter>
    </ClCompile>
    <ClCompile Include="GUI\gui_slider.cpp">
      <Filter>Source Files</Filter>
    </ClCompile>
    <ClCompile Include="GUI\gui_window.cpp">
      <Filter>Source Files</Filter>
    </ClCompile>
    <ClCompile Include="Graphics\Renderer.cpp">
      <Filter>Source Files</Filter>
    </ClCompile>
    <ClCompile Include="Decals.cpp">
      <Filter>Source Files</Filter>
    </ClCompile>
  </ItemGroup>
  <ItemGroup>
    <ClInclude Include="Graphics\Models\BasicModel.h">
      <Filter>Header Files</Filter>
    </ClInclude>
    <ClInclude Include="Graphics\Models\ObjModel.h">
      <Filter>Header Files</Filter>
    </ClInclude>
    <ClInclude Include="Graphics\Animation.h">
      <Filter>Header Files</Filter>
    </ClInclude>
    <ClInclude Include="Graphics\CIndexBuffer.h">
      <Filter>Header Files</Filter>
    </ClInclude>
    <ClInclude Include="Graphics\CRenderer.h">
      <Filter>Header Files</Filter>
    </ClInclude>
    <ClInclude Include="Graphics\CTexture.h">
      <Filter>Header Files</Filter>
    </ClInclude>
    <ClInclude Include="Graphics\CVertexBuffer.h">
      <Filter>Header Files</Filter>
    </ClInclude>
    <ClInclude Include="Graphics\FoliageRenderer.h">
      <Filter>Header Files</Filter>
    </ClInclude>
    <ClInclude Include="Graphics\font.h">
      <Filter>Header Files</Filter>
    </ClInclude>
    <ClInclude Include="Graphics\IModel.h">
      <Filter>Header Files</Filter>
    </ClInclude>
    <ClInclude Include="Graphics\Renderable.h">
      <Filter>Header Files</Filter>
    </ClInclude>
    <ClInclude Include="Graphics\Renderer.h">
      <Filter>Header Files</Filter>
    </ClInclude>
    <ClInclude Include="Graphics\RenderTexture.h">
      <Filter>Header Files</Filter>
    </ClInclude>
    <ClInclude Include="Graphics\Shader.h">
      <Filter>Header Files</Filter>
    </ClInclude>
    <ClInclude Include="Defines.h">
      <Filter>Header Files</Filter>
    </ClInclude>
    <ClInclude Include="iqm.h">
      <Filter>Header Files</Filter>
    </ClInclude>
    <ClInclude Include="camera.h">
      <Filter>Header Files</Filter>
    </ClInclude>
    <ClInclude Include="IMaterial.h">
      <Filter>Header Files</Filter>
    </ClInclude>
    <ClInclude Include="ResourceManager.h">
      <Filter>Header Files</Filter>
    </ClInclude>
    <ClInclude Include="Math\AABB.h">
      <Filter>Header Files</Filter>
    </ClInclude>
    <ClInclude Include="Math\geom.h">
      <Filter>Header Files</Filter>
    </ClInclude>
    <ClInclude Include="Math\Matrix.h">
      <Filter>Header Files</Filter>
    </ClInclude>
    <ClInclude Include="Math\OBB.h">
      <Filter>Header Files</Filter>
    </ClInclude>
    <ClInclude Include="Math\Quaternion.h">
      <Filter>Header Files</Filter>
    </ClInclude>
    <ClInclude Include="Math\Rect.h">
      <Filter>Header Files</Filter>
    </ClInclude>
    <ClInclude Include="Math\Vector.h">
      <Filter>Header Files</Filter>
    </ClInclude>
    <ClInclude Include="Sound\ISoundFileWrapper.h">
      <Filter>Header Files</Filter>
    </ClInclude>
    <ClInclude Include="Sound\OpenAL.h">
      <Filter>Header Files</Filter>
    </ClInclude>
    <ClInclude Include="Sound\SoundManager.h">
      <Filter>Header Files</Filter>
    </ClInclude>
    <ClInclude Include="Sound\SoundObject.h">
      <Filter>Header Files</Filter>
    </ClInclude>
    <ClInclude Include="Sound\Wrapper_WAV.h">
      <Filter>Header Files</Filter>
    </ClInclude>
    <ClInclude Include="Util\CriticalSection.h">
      <Filter>Header Files</Filter>
    </ClInclude>
    <ClInclude Include="Util\CThread.h">
      <Filter>Header Files</Filter>
    </ClInclude>
    <ClInclude Include="Util\CTimer.h">
      <Filter>Header Files</Filter>
    </ClInclude>
    <ClInclude Include="Util\hash_map.h">
      <Filter>Header Files</Filter>
    </ClInclude>
    <ClInclude Include="Util\list.h">
      <Filter>Header Files</Filter>
    </ClInclude>
    <ClInclude Include="Util\map.h">
      <Filter>Header Files</Filter>
    </ClInclude>
    <ClInclude Include="Util\Noise.h">
      <Filter>Header Files</Filter>
    </ClInclude>
    <ClInclude Include="Util\Profile.h">
      <Filter>Header Files</Filter>
    </ClInclude>
    <ClInclude Include="Util\queue.h">
      <Filter>Header Files</Filter>
    </ClInclude>
    <ClInclude Include="Util\vector.h">
      <Filter>Header Files</Filter>
    </ClInclude>
    <ClInclude Include="Particles.h">
      <Filter>Header Files</Filter>
    </ClInclude>
    <ClInclude Include="ModelData.h">
      <Filter>Header Files</Filter>
    </ClInclude>
    <ClInclude Include="Decals.h">
      <Filter>Header Files</Filter>
    </ClInclude>
    <ClInclude Include="TerrainPatch.h">
      <Filter>Header Files</Filter>
    </ClInclude>
    <ClInclude Include="TerrainSystem.h">
      <Filter>Header Files</Filter>
    </ClInclude>
    <ClInclude Include="BlockModel.h">
      <Filter>Header Files</Filter>
    </ClInclude>
    <ClInclude Include="DbgNew.h">
      <Filter>Header Files</Filter>
    </ClInclude>
    <ClInclude Include="CInput.h">
      <Filter>Header Files</Filter>
    </ClInclude>
    <ClInclude Include="GUI\gui_button.h">
      <Filter>Header Files</Filter>
    </ClInclude>
    <ClInclude Include="GUI\gui_dropbox.h">
      <Filter>Header Files</Filter>
    </ClInclude>
    <ClInclude Include="GUI\gui_label.h">
      <Filter>Header Files</Filter>
    </ClInclude>
    <ClInclude Include="GUI\gui_messagebox.h">
      <Filter>Header Files</Filter>
    </ClInclude>
    <ClInclude Include="GUI\gui_progressbar.h">
      <Filter>Header Files</Filter>
    </ClInclude>
    <ClInclude Include="GUI\gui_slider.h">
      <Filter>Header Files</Filter>
    </ClInclude>
    <ClInclude Include="GUI\gui_tabpages.h">
      <Filter>Header Files</Filter>
    </ClInclude>
    <ClInclude Include="GUI\gui_textbox.h">
      <Filter>Header Files</Filter>
    </ClInclude>
    <ClInclude Include="GUI\gui_vertical_scrollbar.h">
      <Filter>Header Files</Filter>
    </ClInclude>
    <ClInclude Include="GUI\gui_window.h">
      <Filter>Header Files</Filter>
    </ClInclude>
    <ClInclude Include="GUI\gui_listview.h">
      <Filter>Header Files</Filter>
    </ClInclude>
    <ClInclude Include="GUI\gui_list.h">
      <Filter>Header Files</Filter>
    </ClInclude>
    <ClInclude Include="Graphics\ParticleRenderer.h">
      <Filter>Header Files</Filter>
    </ClInclude>
    <ClInclude Include="Graphics\TrailRenderer.h">
      <Filter>Header Files</Filter>
    </ClInclude>
  </ItemGroup>
</Project>